
Microsoft Visual Studio Solution File, Format Version 12.00
# Visual Studio Version 17
VisualStudioVersion = 17.7.34018.315
MinimumVisualStudioVersion = 10.0.40219.1
Project("{FAE04EC0-301F-11D3-BF4B-00C04F79EFBC}") = "pbo modul task", "pbo modul task\pbo modul task.csproj", "{D8322C54-0167-4055-9840-1677A458EEA9}"
EndProject
Global
	GlobalSection(SolutionConfigurationPlatforms) = preSolution
		Debug|Any CPU = Debug|Any CPU
		Release|Any CPU = Release|Any CPU
	EndGlobalSection
	GlobalSection(ProjectConfigurationPlatforms) = postSolution
		{D8322C54-0167-4055-9840-1677A458EEA9}.Debug|Any CPU.ActiveCfg = Debug|Any CPU
		{D8322C54-0167-4055-9840-1677A458EEA9}.Debug|Any CPU.Build.0 = Debug|Any CPU
		{D8322C54-0167-4055-9840-1677A458EEA9}.Release|Any CPU.ActiveCfg = Release|Any CPU
		{D8322C54-0167-4055-9840-1677A458EEA9}.Release|Any CPU.Build.0 = Release|Any CPU
	EndGlobalSection
	GlobalSection(SolutionProperties) = preSolution
		HideSolutionNode = FALSE
	EndGlobalSection
	GlobalSection(ExtensibilityGlobals) = postSolution
		SolutionGuid = {E6C49C66-571D-491C-9916-2761679E8085}
	EndGlobalSection
EndGlobal
